PODS:
  - AMap3DMap (5.6.0):
    - AMapFoundation (~> 1.4)
  - AMapFoundation (1.4.2)
  - AMapNavi (5.4.0):
    - AMap3DMap (>= 5.6.0)
    - AMapFoundation (~> 1.4)

DEPENDENCIES:
  - AMapNavi

SPEC CHECKSUMS:
  AMap3DMap: 2ac4f9ad7f2f8b015013d8d282c55882bcd68dc9
  AMapFoundation: 6c0471c9a6a0ad17dad46e3d800ad56ca170f82a
  AMapNavi: 2c1a58663249e4e638031888941513a6be8fefaf

PODFILE CHECKSUM: f711e9fe486d51a77db4c2190ecab71f19390493

COCOAPODS: 1.3.1
