PODS:
  - AMap3DMap (6.8.1):
    - AMapFoundation (~> 1.5)
  - AMapFoundation (1.5.6)
  - AMapNavi (6.7.0):
    - AMap3DMap (~> 6.7)
    - AMapFoundation (~> 1.5)

DEPENDENCIES:
  - AMapNavi

SPEC REPOS:
  https://github.com/cocoapods/specs.git:
    - AMap3DMap
    - AMapFoundation
    - AMapNavi

SPEC CHECKSUMS:
  AMap3DMap: 9fa4ec6ab230bfbd3f0c0834f757fbd7038efe53
  AMapFoundation: 20fce2a12cd152e1092afdd04379cdac21932185
  AMapNavi: 89e30fee35c01a00e45e846fa272f60724d06d0c

PODFILE CHECKSUM: 3197fba035e582cf0ca1a4bb9593648a536cc5f4

COCOAPODS: 1.6.1
